
Microsoft Visual Studio Solution File, Format Version 12.00
# Visual Studio 15
VisualStudioVersion = 15.0.27428.2005
MinimumVisualStudioVersion = 10.0.40219.1
Project("{FAE04EC0-301F-11D3-BF4B-00C04F79EFBC}") = "CardEngine", "CardEngine\CardEngine.csproj", "{22FE3181-DB46-438C-A2CD-A593AC63906B}"
EndProject
Project("{FAE04EC0-301F-11D3-BF4B-00C04F79EFBC}") = "CardApp", "CardApp\CardApp.csproj", "{2F575C53-A5DC-479F-B01A-F57ABB7EBCA8}"
EndProject
Global
	GlobalSection(SolutionConfigurationPlatforms) = preSolution
		Debug|Any CPU = Debug|Any CPU
		Release|Any CPU = Release|Any CPU
	EndGlobalSection
	GlobalSection(ProjectConfigurationPlatforms) = postSolution
		{22FE3181-DB46-438C-A2CD-A593AC63906B}.Debug|Any CPU.ActiveCfg = Debug|Any CPU
		{22FE3181-DB46-438C-A2CD-A593AC63906B}.Debug|Any CPU.Build.0 = Debug|Any CPU
		{22FE3181-DB46-438C-A2CD-A593AC63906B}.Release|Any CPU.ActiveCfg = Release|Any CPU
		{22FE3181-DB46-438C-A2CD-A593AC63906B}.Release|Any CPU.Build.0 = Release|Any CPU
		{2F575C53-A5DC-479F-B01A-F57ABB7EBCA8}.Debug|Any CPU.ActiveCfg = Debug|Any CPU
		{2F575C53-A5DC-479F-B01A-F57ABB7EBCA8}.Debug|Any CPU.Build.0 = Debug|Any CPU
		{2F575C53-A5DC-479F-B01A-F57ABB7EBCA8}.Release|Any CPU.ActiveCfg = Release|Any CPU
		{2F575C53-A5DC-479F-B01A-F57ABB7EBCA8}.Release|Any CPU.Build.0 = Release|Any CPU
	EndGlobalSection
	GlobalSection(SolutionProperties) = preSolution
		HideSolutionNode = FALSE
	EndGlobalSection
	GlobalSection(ExtensibilityGlobals) = postSolution
		SolutionGuid = {D1CC913C-DB2C-400B-8C74-3C13DD43E4E5}
	EndGlobalSection
EndGlobal
